// !$*UTF8*$!
{
	archiveVersion = 1;
	classes = {
	};
	objectVersion = 56;
	objects = {

/* Begin PBXBuildFile section */
		2BF5790D2A0697410073190A /* AppDelegate.swift in Sources */ = {isa = PBXBuildFile; fileRef = 2BF5790C2A0697410073190A /* AppDelegate.swift */; };
		2BF5790F2A0697410073190A /* SceneDelegate.swift in Sources */ = {isa = PBXBuildFile; fileRef = 2BF5790E2A0697410073190A /* SceneDelegate.swift */; };
		2BF579162A0697430073190A /* Assets.xcassets in Resources */ = {isa = PBXBuildFile; fileRef = 2BF579152A0697430073190A /* Assets.xcassets */; };
		2BF579192A0697430073190A /* LaunchScreen.storyboard in Resources */ = {isa = PBXBuildFile; fileRef = 2BF579172A0697430073190A /* LaunchScreen.storyboard */; };
		B0095C1F2A10FEF400C815A5 /* HomeViewModel.swift in Sources */ = {isa = PBXBuildFile; fileRef = B0095C1E2A10FEF400C815A5 /* HomeViewModel.swift */; };
		B0095C222A11037800C815A5 /* NetworkManager.swift in Sources */ = {isa = PBXBuildFile; fileRef = B0095C212A11037800C815A5 /* NetworkManager.swift */; };
		B0095C272A1103D300C815A5 /* Service.swift in Sources */ = {isa = PBXBuildFile; fileRef = B0095C262A1103D300C815A5 /* Service.swift */; };
		B0095C2A2A1104AF00C815A5 /* Currencies.swift in Sources */ = {isa = PBXBuildFile; fileRef = B0095C292A1104AF00C815A5 /* Currencies.swift */; };
		B0095C2C2A1104E800C815A5 /* CryptoMarketModel.swift in Sources */ = {isa = PBXBuildFile; fileRef = B0095C2B2A1104E800C815A5 /* CryptoMarketModel.swift */; };
		B0095C2E2A1106D600C815A5 /* Constants.swift in Sources */ = {isa = PBXBuildFile; fileRef = B0095C2D2A1106D600C815A5 /* Constants.swift */; };
		B0095C302A110A9200C815A5 /* CryptoCurrencyCell.swift in Sources */ = {isa = PBXBuildFile; fileRef = B0095C2F2A110A9200C815A5 /* CryptoCurrencyCell.swift */; };
		B0095C322A11439500C815A5 /* UIViewController+Ext.swift in Sources */ = {isa = PBXBuildFile; fileRef = B0095C312A11439500C815A5 /* UIViewController+Ext.swift */; };
		B0095C382A11476000C815A5 /* CryptoDetailScreen.swift in Sources */ = {isa = PBXBuildFile; fileRef = B0095C372A11476000C815A5 /* CryptoDetailScreen.swift */; };
		B0095C3A2A11477200C815A5 /* CryptoDetailViewModel.swift in Sources */ = {isa = PBXBuildFile; fileRef = B0095C392A11477200C815A5 /* CryptoDetailViewModel.swift */; };
		B0095C3C2A11A95300C815A5 /* CryptoDetailModel.swift in Sources */ = {isa = PBXBuildFile; fileRef = B0095C3B2A11A95300C815A5 /* CryptoDetailModel.swift */; };
		B0682CA82A0EA87600655BA4 /* InfoViewModel.swift in Sources */ = {isa = PBXBuildFile; fileRef = B0682CA72A0EA87600655BA4 /* InfoViewModel.swift */; };
		B0682CAB2A0EAC2B00655BA4 /* InfoCells.swift in Sources */ = {isa = PBXBuildFile; fileRef = B0682CAA2A0EAC2B00655BA4 /* InfoCells.swift */; };
		B0682CAD2A0EB1ED00655BA4 /* CGFloat+Ext.swift in Sources */ = {isa = PBXBuildFile; fileRef = B0682CAC2A0EB1ED00655BA4 /* CGFloat+Ext.swift */; };
		B0682CAF2A0EB20B00655BA4 /* UIHelper.swift in Sources */ = {isa = PBXBuildFile; fileRef = B0682CAE2A0EB20B00655BA4 /* UIHelper.swift */; };
		B0682CB22A0EB29C00655BA4 /* InfoItemsModel.swift in Sources */ = {isa = PBXBuildFile; fileRef = B0682CB12A0EB29B00655BA4 /* InfoItemsModel.swift */; };
		B0682CB42A0EB4BE00655BA4 /* UICollectionView+Ext.swift in Sources */ = {isa = PBXBuildFile; fileRef = B0682CB32A0EB4BE00655BA4 /* UICollectionView+Ext.swift */; };
		B06FAE022A0837BF00AF25CE /* SplashScreen.swift in Sources */ = {isa = PBXBuildFile; fileRef = B06FAE012A0837BF00AF25CE /* SplashScreen.swift */; };
		B06FAE042A0837CC00AF25CE /* SplashViewModel.swift in Sources */ = {isa = PBXBuildFile; fileRef = B06FAE032A0837CC00AF25CE /* SplashViewModel.swift */; };
		B06FAE072A083B1B00AF25CE /* Alamofire in Frameworks */ = {isa = PBXBuildFile; productRef = B06FAE062A083B1B00AF25CE /* Alamofire */; };
		B06FAE0A2A083B2900AF25CE /* Kingfisher in Frameworks */ = {isa = PBXBuildFile; productRef = B06FAE092A083B2900AF25CE /* Kingfisher */; };
		B06FAE0D2A083B3C00AF25CE /* Lottie in Frameworks */ = {isa = PBXBuildFile; productRef = B06FAE0C2A083B3C00AF25CE /* Lottie */; };
		B06FAE102A083B6500AF25CE /* SnapKit in Frameworks */ = {isa = PBXBuildFile; productRef = B06FAE0F2A083B6500AF25CE /* SnapKit */; };
		B06FAE152A083EF600AF25CE /* Library3amsoft.otf in Resources */ = {isa = PBXBuildFile; fileRef = B06FAE142A083EF600AF25CE /* Library3amsoft.otf */; };
		B06FAE1E2A0841D300AF25CE /* HomeScreen.swift in Sources */ = {isa = PBXBuildFile; fileRef = B06FAE1D2A0841D300AF25CE /* HomeScreen.swift */; };
		B06FAE202A0841E700AF25CE /* NewsScreen.swift in Sources */ = {isa = PBXBuildFile; fileRef = B06FAE1F2A0841E700AF25CE /* NewsScreen.swift */; };
		B06FAE222A0841FD00AF25CE /* FavoriteScreen.swift in Sources */ = {isa = PBXBuildFile; fileRef = B06FAE212A0841FD00AF25CE /* FavoriteScreen.swift */; };
		B06FAE242A08420C00AF25CE /* InfoScreen.swift in Sources */ = {isa = PBXBuildFile; fileRef = B06FAE232A08420C00AF25CE /* InfoScreen.swift */; };
		B0C9DB242A13FA2A00033ACD /* CryptoVaultDatabase.xcdatamodeld in Sources */ = {isa = PBXBuildFile; fileRef = B0C9DB222A13FA2A00033ACD /* CryptoVaultDatabase.xcdatamodeld */; };
		B0C9DB2B2A13FAFA00033ACD /* CryptoDB+CoreDataClass.swift in Sources */ = {isa = PBXBuildFile; fileRef = B0C9DB272A13FAFA00033ACD /* CryptoDB+CoreDataClass.swift */; };
		B0C9DB2C2A13FAFA00033ACD /* CryptoDB+CoreDataProperties.swift in Sources */ = {isa = PBXBuildFile; fileRef = B0C9DB282A13FAFA00033ACD /* CryptoDB+CoreDataProperties.swift */; };
		B0C9DB312A13FB8500033ACD /* NewsDB+CoreDataClass.swift in Sources */ = {isa = PBXBuildFile; fileRef = B0C9DB2F2A13FB8500033ACD /* NewsDB+CoreDataClass.swift */; };
		B0C9DB322A13FB8500033ACD /* NewsDB+CoreDataProperties.swift in Sources */ = {isa = PBXBuildFile; fileRef = B0C9DB302A13FB8500033ACD /* NewsDB+CoreDataProperties.swift */; };
		B0C9DB342A1442F800033ACD /* CryptoCoreDataManager.swift in Sources */ = {isa = PBXBuildFile; fileRef = B0C9DB332A1442F800033ACD /* CryptoCoreDataManager.swift */; };
/* End PBXBuildFile section */

/* Begin PBXFileReference section */
		2BF579092A0697410073190A /* CryptoVault-UIKit.app */ = {isa = PBXFileReference; explicitFileType = wrapper.application; includeInIndex = 0; path = "CryptoVault-UIKit.app"; sourceTree = BUILT_PRODUCTS_DIR; };
		2BF5790C2A0697410073190A /* AppDelegate.swift */ = {isa = PBXFileReference; lastKnownFileType = sourcecode.swift; path = AppDelegate.swift; sourceTree = "<group>"; };
		2BF5790E2A0697410073190A /* SceneDelegate.swift */ = {isa = PBXFileReference; lastKnownFileType = sourcecode.swift; path = SceneDelegate.swift; sourceTree = "<group>"; };
		2BF579152A0697430073190A /* Assets.xcassets */ = {isa = PBXFileReference; lastKnownFileType = folder.assetcatalog; path = Assets.xcassets; sourceTree = "<group>"; };
		2BF579182A0697430073190A /* Base */ = {isa = PBXFileReference; lastKnownFileType = file.storyboard; name = Base; path = Base.lproj/LaunchScreen.storyboard; sourceTree = "<group>"; };
		2BF5791A2A0697430073190A /* Info.plist */ = {isa = PBXFileReference; lastKnownFileType = text.plist.xml; path = Info.plist; sourceTree = "<group>"; };
		B0095C1E2A10FEF400C815A5 /* HomeViewModel.swift */ = {isa = PBXFileReference; lastKnownFileType = sourcecode.swift; path = HomeViewModel.swift; sourceTree = "<group>"; };
		B0095C212A11037800C815A5 /* NetworkManager.swift */ = {isa = PBXFileReference; lastKnownFileType = sourcecode.swift; path = NetworkManager.swift; sourceTree = "<group>"; };
		B0095C262A1103D300C815A5 /* Service.swift */ = {isa = PBXFileReference; lastKnownFileType = sourcecode.swift; path = Service.swift; sourceTree = "<group>"; };
		B0095C292A1104AF00C815A5 /* Currencies.swift */ = {isa = PBXFileReference; lastKnownFileType = sourcecode.swift; path = Currencies.swift; sourceTree = "<group>"; };
		B0095C2B2A1104E800C815A5 /* CryptoMarketModel.swift */ = {isa = PBXFileReference; lastKnownFileType = sourcecode.swift; path = CryptoMarketModel.swift; sourceTree = "<group>"; };
		B0095C2D2A1106D600C815A5 /* Constants.swift */ = {isa = PBXFileReference; lastKnownFileType = sourcecode.swift; path = Constants.swift; sourceTree = "<group>"; };
		B0095C2F2A110A9200C815A5 /* CryptoCurrencyCell.swift */ = {isa = PBXFileReference; lastKnownFileType = sourcecode.swift; path = CryptoCurrencyCell.swift; sourceTree = "<group>"; };
		B0095C312A11439500C815A5 /* UIViewController+Ext.swift */ = {isa = PBXFileReference; lastKnownFileType = sourcecode.swift; path = "UIViewController+Ext.swift"; sourceTree = "<group>"; };
		B0095C372A11476000C815A5 /* CryptoDetailScreen.swift */ = {isa = PBXFileReference; lastKnownFileType = sourcecode.swift; path = CryptoDetailScreen.swift; sourceTree = "<group>"; };
		B0095C392A11477200C815A5 /* CryptoDetailViewModel.swift */ = {isa = PBXFileReference; lastKnownFileType = sourcecode.swift; path = CryptoDetailViewModel.swift; sourceTree = "<group>"; };
		B0095C3B2A11A95300C815A5 /* CryptoDetailModel.swift */ = {isa = PBXFileReference; lastKnownFileType = sourcecode.swift; path = CryptoDetailModel.swift; sourceTree = "<group>"; };
		B0682CA72A0EA87600655BA4 /* InfoViewModel.swift */ = {isa = PBXFileReference; lastKnownFileType = sourcecode.swift; path = InfoViewModel.swift; sourceTree = "<group>"; };
		B0682CAA2A0EAC2B00655BA4 /* InfoCells.swift */ = {isa = PBXFileReference; lastKnownFileType = sourcecode.swift; path = InfoCells.swift; sourceTree = "<group>"; };
		B0682CAC2A0EB1ED00655BA4 /* CGFloat+Ext.swift */ = {isa = PBXFileReference; lastKnownFileType = sourcecode.swift; path = "CGFloat+Ext.swift"; sourceTree = "<group>"; };
		B0682CAE2A0EB20B00655BA4 /* UIHelper.swift */ = {isa = PBXFileReference; lastKnownFileType = sourcecode.swift; path = UIHelper.swift; sourceTree = "<group>"; };
		B0682CB12A0EB29B00655BA4 /* InfoItemsModel.swift */ = {isa = PBXFileReference; lastKnownFileType = sourcecode.swift; path = InfoItemsModel.swift; sourceTree = "<group>"; };
		B0682CB32A0EB4BE00655BA4 /* UICollectionView+Ext.swift */ = {isa = PBXFileReference; lastKnownFileType = sourcecode.swift; path = "UICollectionView+Ext.swift"; sourceTree = "<group>"; };
		B06FAE012A0837BF00AF25CE /* SplashScreen.swift */ = {isa = PBXFileReference; lastKnownFileType = sourcecode.swift; path = SplashScreen.swift; sourceTree = "<group>"; };
		B06FAE032A0837CC00AF25CE /* SplashViewModel.swift */ = {isa = PBXFileReference; lastKnownFileType = sourcecode.swift; path = SplashViewModel.swift; sourceTree = "<group>"; };
		B06FAE142A083EF600AF25CE /* Library3amsoft.otf */ = {isa = PBXFileReference; lastKnownFileType = file; path = Library3amsoft.otf; sourceTree = "<group>"; };
		B06FAE1D2A0841D300AF25CE /* HomeScreen.swift */ = {isa = PBXFileReference; lastKnownFileType = sourcecode.swift; path = HomeScreen.swift; sourceTree = "<group>"; };
		B06FAE1F2A0841E700AF25CE /* NewsScreen.swift */ = {isa = PBXFileReference; lastKnownFileType = sourcecode.swift; path = NewsScreen.swift; sourceTree = "<group>"; };
		B06FAE212A0841FD00AF25CE /* FavoriteScreen.swift */ = {isa = PBXFileReference; lastKnownFileType = sourcecode.swift; path = FavoriteScreen.swift; sourceTree = "<group>"; };
		B06FAE232A08420C00AF25CE /* InfoScreen.swift */ = {isa = PBXFileReference; lastKnownFileType = sourcecode.swift; path = InfoScreen.swift; sourceTree = "<group>"; };
		B0C9DB232A13FA2A00033ACD /* CryptoVaultDatabase.xcdatamodel */ = {isa = PBXFileReference; lastKnownFileType = wrapper.xcdatamodel; path = CryptoVaultDatabase.xcdatamodel; sourceTree = "<group>"; };
		B0C9DB272A13FAFA00033ACD /* CryptoDB+CoreDataClass.swift */ = {isa = PBXFileReference; lastKnownFileType = sourcecode.swift; path = "CryptoDB+CoreDataClass.swift"; sourceTree = "<group>"; };
		B0C9DB282A13FAFA00033ACD /* CryptoDB+CoreDataProperties.swift */ = {isa = PBXFileReference; lastKnownFileType = sourcecode.swift; path = "CryptoDB+CoreDataProperties.swift"; sourceTree = "<group>"; };
		B0C9DB2F2A13FB8500033ACD /* NewsDB+CoreDataClass.swift */ = {isa = PBXFileReference; lastKnownFileType = sourcecode.swift; path = "NewsDB+CoreDataClass.swift"; sourceTree = "<group>"; };
		B0C9DB302A13FB8500033ACD /* NewsDB+CoreDataProperties.swift */ = {isa = PBXFileReference; lastKnownFileType = sourcecode.swift; path = "NewsDB+CoreDataProperties.swift"; sourceTree = "<group>"; };
		B0C9DB332A1442F800033ACD /* CryptoCoreDataManager.swift */ = {isa = PBXFileReference; lastKnownFileType = sourcecode.swift; path = CryptoCoreDataManager.swift; sourceTree = "<group>"; };
/* End PBXFileReference section */

/* Begin PBXFrameworksBuildPhase section */
		2BF579062A0697410073190A /* Frameworks */ = {
			isa = PBXFrameworksBuildPhase;
			buildActionMask = 2147483647;
			files = (
				B06FAE0A2A083B2900AF25CE /* Kingfisher in Frameworks */,
				B06FAE102A083B6500AF25CE /* SnapKit in Frameworks */,
				B06FAE072A083B1B00AF25CE /* Alamofire in Frameworks */,
				B06FAE0D2A083B3C00AF25CE /* Lottie in Frameworks */,
			);
			runOnlyForDeploymentPostprocessing = 0;
		};
/* End PBXFrameworksBuildPhase section */

/* Begin PBXGroup section */
		2BF579002A0697410073190A = {
			isa = PBXGroup;
			children = (
				2BF5790B2A0697410073190A /* CryptoVault-UIKit */,
				2BF5790A2A0697410073190A /* Products */,
			);
			sourceTree = "<group>";
		};
		2BF5790A2A0697410073190A /* Products */ = {
			isa = PBXGroup;
			children = (
				2BF579092A0697410073190A /* CryptoVault-UIKit.app */,
			);
			name = Products;
			sourceTree = "<group>";
		};
		2BF5790B2A0697410073190A /* CryptoVault-UIKit */ = {
			isa = PBXGroup;
			children = (
				B0C9DB202A13FA0600033ACD /* CoreData */,
				B0095C282A11048E00C815A5 /* Utilities */,
				B0095C202A11034D00C815A5 /* Network */,
				B0682CB02A0EB28E00655BA4 /* Model */,
				B06FAE132A083EC800AF25CE /* Fonts */,
				B06FADFD2A08378900AF25CE /* Extensions */,
				B06FADFC2A08377900AF25CE /* Cores */,
				B06FADFB2A08372700AF25CE /* Support */,
			);
			path = "CryptoVault-UIKit";
			sourceTree = "<group>";
		};
		B0095C1B2A10FED600C815A5 /* Screen */ = {
			isa = PBXGroup;
			children = (
				B06FAE1D2A0841D300AF25CE /* HomeScreen.swift */,
			);
			path = Screen;
			sourceTree = "<group>";
		};
		B0095C1C2A10FEDD00C815A5 /* ViewModel */ = {
			isa = PBXGroup;
			children = (
				B0095C1E2A10FEF400C815A5 /* HomeViewModel.swift */,
			);
			path = ViewModel;
			sourceTree = "<group>";
		};
		B0095C1D2A10FEE500C815A5 /* Components */ = {
			isa = PBXGroup;
			children = (
				B0095C2F2A110A9200C815A5 /* CryptoCurrencyCell.swift */,
			);
			path = Components;
			sourceTree = "<group>";
		};
		B0095C202A11034D00C815A5 /* Network */ = {
			isa = PBXGroup;
			children = (
				B0095C242A1103A900C815A5 /* Service */,
				B0095C232A1103A300C815A5 /* Manager */,
			);
			path = Network;
			sourceTree = "<group>";
		};
		B0095C232A1103A300C815A5 /* Manager */ = {
			isa = PBXGroup;
			children = (
				B0095C212A11037800C815A5 /* NetworkManager.swift */,
			);
			path = Manager;
			sourceTree = "<group>";
		};
		B0095C242A1103A900C815A5 /* Service */ = {
			isa = PBXGroup;
			children = (
				B0095C262A1103D300C815A5 /* Service.swift */,
			);
			path = Service;
			sourceTree = "<group>";
		};
		B0095C282A11048E00C815A5 /* Utilities */ = {
			isa = PBXGroup;
			children = (
				B0095C292A1104AF00C815A5 /* Currencies.swift */,
				B0095C2D2A1106D600C815A5 /* Constants.swift */,
			);
			path = Utilities;
			sourceTree = "<group>";
		};
		B0095C332A1146F700C815A5 /* List */ = {
			isa = PBXGroup;
			children = (
				B0095C1D2A10FEE500C815A5 /* Components */,
				B0095C1C2A10FEDD00C815A5 /* ViewModel */,
				B0095C1B2A10FED600C815A5 /* Screen */,
			);
			path = List;
			sourceTree = "<group>";
		};
		B0095C342A11470200C815A5 /* Detail */ = {
			isa = PBXGroup;
			children = (
				B0095C352A11470A00C815A5 /* Screen */,
				B0095C362A11471100C815A5 /* ViewModel */,
			);
			path = Detail;
			sourceTree = "<group>";
		};
		B0095C352A11470A00C815A5 /* Screen */ = {
			isa = PBXGroup;
			children = (
				B0095C372A11476000C815A5 /* CryptoDetailScreen.swift */,
			);
			path = Screen;
			sourceTree = "<group>";
		};
		B0095C362A11471100C815A5 /* ViewModel */ = {
			isa = PBXGroup;
			children = (
				B0095C392A11477200C815A5 /* CryptoDetailViewModel.swift */,
			);
			path = ViewModel;
			sourceTree = "<group>";
		};
		B0682CA52A0EA85800655BA4 /* Screen */ = {
			isa = PBXGroup;
			children = (
				B06FAE232A08420C00AF25CE /* InfoScreen.swift */,
			);
			path = Screen;
			sourceTree = "<group>";
		};
		B0682CA62A0EA85D00655BA4 /* ViewModel */ = {
			isa = PBXGroup;
			children = (
				B0682CA72A0EA87600655BA4 /* InfoViewModel.swift */,
			);
			path = ViewModel;
			sourceTree = "<group>";
		};
		B0682CA92A0EAC0E00655BA4 /* Components */ = {
			isa = PBXGroup;
			children = (
				B0682CAA2A0EAC2B00655BA4 /* InfoCells.swift */,
			);
			path = Components;
			sourceTree = "<group>";
		};
		B0682CB02A0EB28E00655BA4 /* Model */ = {
			isa = PBXGroup;
			children = (
				B0682CB12A0EB29B00655BA4 /* InfoItemsModel.swift */,
				B0095C2B2A1104E800C815A5 /* CryptoMarketModel.swift */,
				B0095C3B2A11A95300C815A5 /* CryptoDetailModel.swift */,
			);
			path = Model;
			sourceTree = "<group>";
		};
		B06FADFB2A08372700AF25CE /* Support */ = {
			isa = PBXGroup;
			children = (
				2BF5790C2A0697410073190A /* AppDelegate.swift */,
				2BF5790E2A0697410073190A /* SceneDelegate.swift */,
				2BF579152A0697430073190A /* Assets.xcassets */,
				2BF579172A0697430073190A /* LaunchScreen.storyboard */,
				2BF5791A2A0697430073190A /* Info.plist */,
			);
			path = Support;
			sourceTree = "<group>";
		};
		B06FADFC2A08377900AF25CE /* Cores */ = {
			isa = PBXGroup;
			children = (
				B06FAE1C2A0841B300AF25CE /* Info */,
				B06FAE1B2A0841A700AF25CE /* Favorite */,
				B06FAE1A2A0841A000AF25CE /* News */,
				B06FAE192A08419800AF25CE /* Home */,
				B06FADFE2A08379400AF25CE /* Splash */,
			);
			path = Cores;
			sourceTree = "<group>";
		};
		B06FADFD2A08378900AF25CE /* Extensions */ = {
			isa = PBXGroup;
			children = (
				B0682CAC2A0EB1ED00655BA4 /* CGFloat+Ext.swift */,
				B0682CAE2A0EB20B00655BA4 /* UIHelper.swift */,
				B0682CB32A0EB4BE00655BA4 /* UICollectionView+Ext.swift */,
				B0095C312A11439500C815A5 /* UIViewController+Ext.swift */,
			);
			path = Extensions;
			sourceTree = "<group>";
		};
		B06FADFE2A08379400AF25CE /* Splash */ = {
			isa = PBXGroup;
			children = (
				B06FAE002A0837A400AF25CE /* ViewModel */,
				B06FADFF2A08379B00AF25CE /* Screen */,
			);
			path = Splash;
			sourceTree = "<group>";
		};
		B06FADFF2A08379B00AF25CE /* Screen */ = {
			isa = PBXGroup;
			children = (
				B06FAE012A0837BF00AF25CE /* SplashScreen.swift */,
			);
			path = Screen;
			sourceTree = "<group>";
		};
		B06FAE002A0837A400AF25CE /* ViewModel */ = {
			isa = PBXGroup;
			children = (
				B06FAE032A0837CC00AF25CE /* SplashViewModel.swift */,
			);
			path = ViewModel;
			sourceTree = "<group>";
		};
		B06FAE132A083EC800AF25CE /* Fonts */ = {
			isa = PBXGroup;
			children = (
				B06FAE142A083EF600AF25CE /* Library3amsoft.otf */,
			);
			path = Fonts;
			sourceTree = "<group>";
		};
		B06FAE192A08419800AF25CE /* Home */ = {
			isa = PBXGroup;
			children = (
				B0095C342A11470200C815A5 /* Detail */,
				B0095C332A1146F700C815A5 /* List */,
			);
			path = Home;
			sourceTree = "<group>";
		};
		B06FAE1A2A0841A000AF25CE /* News */ = {
			isa = PBXGroup;
			children = (
				B06FAE1F2A0841E700AF25CE /* NewsScreen.swift */,
			);
			path = News;
			sourceTree = "<group>";
		};
		B06FAE1B2A0841A700AF25CE /* Favorite */ = {
			isa = PBXGroup;
			children = (
				B06FAE212A0841FD00AF25CE /* FavoriteScreen.swift */,
			);
			path = Favorite;
			sourceTree = "<group>";
		};
		B06FAE1C2A0841B300AF25CE /* Info */ = {
			isa = PBXGroup;
			children = (
				B0682CA92A0EAC0E00655BA4 /* Components */,
				B0682CA52A0EA85800655BA4 /* Screen */,
				B0682CA62A0EA85D00655BA4 /* ViewModel */,
			);
			path = Info;
			sourceTree = "<group>";
		};
		B0C9DB202A13FA0600033ACD /* CoreData */ = {
			isa = PBXGroup;
			children = (
				B0C9DB2E2A13FB1B00033ACD /* Crypto */,
				B0C9DB2D2A13FB0A00033ACD /* News */,
				B0C9DB212A13FA0E00033ACD /* DataModel */,
			);
			path = CoreData;
			sourceTree = "<group>";
		};
		B0C9DB212A13FA0E00033ACD /* DataModel */ = {
			isa = PBXGroup;
			children = (
				B0C9DB222A13FA2A00033ACD /* CryptoVaultDatabase.xcdatamodeld */,
			);
			path = DataModel;
			sourceTree = "<group>";
		};
		B0C9DB2D2A13FB0A00033ACD /* News */ = {
			isa = PBXGroup;
			children = (
				B0C9DB2F2A13FB8500033ACD /* NewsDB+CoreDataClass.swift */,
				B0C9DB302A13FB8500033ACD /* NewsDB+CoreDataProperties.swift */,
			);
			path = News;
			sourceTree = "<group>";
		};
		B0C9DB2E2A13FB1B00033ACD /* Crypto */ = {
			isa = PBXGroup;
			children = (
				B0C9DB272A13FAFA00033ACD /* CryptoDB+CoreDataClass.swift */,
				B0C9DB282A13FAFA00033ACD /* CryptoDB+CoreDataProperties.swift */,
				B0C9DB332A1442F800033ACD /* CryptoCoreDataManager.swift */,
			);
			path = Crypto;
			sourceTree = "<group>";
		};
/* End PBXGroup section */

/* Begin PBXNativeTarget section */
		2BF579082A0697410073190A /* CryptoVault-UIKit */ = {
			isa = PBXNativeTarget;
			buildConfigurationList = 2BF5791D2A0697430073190A /* Build configuration list for PBXNativeTarget "CryptoVault-UIKit" */;
			buildPhases = (
				2BF579052A0697410073190A /* Sources */,
				2BF579062A0697410073190A /* Frameworks */,
				2BF579072A0697410073190A /* Resources */,
			);
			buildRules = (
			);
			dependencies = (
			);
			name = "CryptoVault-UIKit";
			packageProductDependencies = (
				B06FAE062A083B1B00AF25CE /* Alamofire */,
				B06FAE092A083B2900AF25CE /* Kingfisher */,
				B06FAE0C2A083B3C00AF25CE /* Lottie */,
				B06FAE0F2A083B6500AF25CE /* SnapKit */,
			);
			productName = "CryptoVault-UIKit";
			productReference = 2BF579092A0697410073190A /* CryptoVault-UIKit.app */;
			productType = "com.apple.product-type.application";
		};
/* End PBXNativeTarget section */

/* Begin PBXProject section */
		2BF579012A0697410073190A /* Project object */ = {
			isa = PBXProject;
			attributes = {
				BuildIndependentTargetsInParallel = 1;
				LastSwiftUpdateCheck = 1420;
				LastUpgradeCheck = 1420;
				TargetAttributes = {
					2BF579082A0697410073190A = {
						CreatedOnToolsVersion = 14.2;
					};
				};
			};
			buildConfigurationList = 2BF579042A0697410073190A /* Build configuration list for PBXProject "CryptoVault-UIKit" */;
			compatibilityVersion = "Xcode 14.0";
			developmentRegion = en;
			hasScannedForEncodings = 0;
			knownRegions = (
				en,
				Base,
			);
			mainGroup = 2BF579002A0697410073190A;
			packageReferences = (
				B06FAE052A083B1B00AF25CE /* XCRemoteSwiftPackageReference "Alamofire" */,
				B06FAE082A083B2900AF25CE /* XCRemoteSwiftPackageReference "Kingfisher" */,
				B06FAE0B2A083B3C00AF25CE /* XCRemoteSwiftPackageReference "lottie-ios" */,
				B06FAE0E2A083B6500AF25CE /* XCRemoteSwiftPackageReference "SnapKit" */,
			);
			productRefGroup = 2BF5790A2A0697410073190A /* Products */;
			projectDirPath = "";
			projectRoot = "";
			targets = (
				2BF579082A0697410073190A /* CryptoVault-UIKit */,
			);
		};
/* End PBXProject section */

/* Begin PBXResourcesBuildPhase section */
		2BF579072A0697410073190A /* Resources */ = {
			isa = PBXResourcesBuildPhase;
			buildActionMask = 2147483647;
			files = (
				2BF579192A0697430073190A /* LaunchScreen.storyboard in Resources */,
				B06FAE152A083EF600AF25CE /* Library3amsoft.otf in Resources */,
				2BF579162A0697430073190A /* Assets.xcassets in Resources */,
			);
			runOnlyForDeploymentPostprocessing = 0;
		};
/* End PBXResourcesBuildPhase section */

/* Begin PBXSourcesBuildPhase section */
		2BF579052A0697410073190A /* Sources */ = {
			isa = PBXSourcesBuildPhase;
			buildActionMask = 2147483647;
			files = (
				B0095C2A2A1104AF00C815A5 /* Currencies.swift in Sources */,
				B06FAE202A0841E700AF25CE /* NewsScreen.swift in Sources */,
				B06FAE022A0837BF00AF25CE /* SplashScreen.swift in Sources */,
				2BF5790D2A0697410073190A /* AppDelegate.swift in Sources */,
				B0682CAD2A0EB1ED00655BA4 /* CGFloat+Ext.swift in Sources */,
				B0095C382A11476000C815A5 /* CryptoDetailScreen.swift in Sources */,
				B0095C222A11037800C815A5 /* NetworkManager.swift in Sources */,
				B06FAE242A08420C00AF25CE /* InfoScreen.swift in Sources */,
				B06FAE1E2A0841D300AF25CE /* HomeScreen.swift in Sources */,
				B0C9DB312A13FB8500033ACD /* NewsDB+CoreDataClass.swift in Sources */,
				B0C9DB2B2A13FAFA00033ACD /* CryptoDB+CoreDataClass.swift in Sources */,
				B0682CA82A0EA87600655BA4 /* InfoViewModel.swift in Sources */,
				B0C9DB242A13FA2A00033ACD /* CryptoVaultDatabase.xcdatamodeld in Sources */,
				2BF5790F2A0697410073190A /* SceneDelegate.swift in Sources */,
				B0095C2C2A1104E800C815A5 /* CryptoMarketModel.swift in Sources */,
				B0682CAB2A0EAC2B00655BA4 /* InfoCells.swift in Sources */,
				B0C9DB322A13FB8500033ACD /* NewsDB+CoreDataProperties.swift in Sources */,
				B0682CB22A0EB29C00655BA4 /* InfoItemsModel.swift in Sources */,
				B0095C3A2A11477200C815A5 /* CryptoDetailViewModel.swift in Sources */,
				B0095C302A110A9200C815A5 /* CryptoCurrencyCell.swift in Sources */,
				B0095C322A11439500C815A5 /* UIViewController+Ext.swift in Sources */,
				B0095C272A1103D300C815A5 /* Service.swift in Sources */,
				B0C9DB2C2A13FAFA00033ACD /* CryptoDB+CoreDataProperties.swift in Sources */,
				B0682CB42A0EB4BE00655BA4 /* UICollectionView+Ext.swift in Sources */,
				B0095C3C2A11A95300C815A5 /* CryptoDetailModel.swift in Sources */,
				B0095C2E2A1106D600C815A5 /* Constants.swift in Sources */,
				B06FAE042A0837CC00AF25CE /* SplashViewModel.swift in Sources */,
				B0C9DB342A1442F800033ACD /* CryptoCoreDataManager.swift in Sources */,
				B06FAE222A0841FD00AF25CE /* FavoriteScreen.swift in Sources */,
				B0095C1F2A10FEF400C815A5 /* HomeViewModel.swift in Sources */,
				B0682CAF2A0EB20B00655BA4 /* UIHelper.swift in Sources */,
			);
			runOnlyForDeploymentPostprocessing = 0;
		};
/* End PBXSourcesBuildPhase section */

/* Begin PBXVariantGroup section */
		2BF579172A0697430073190A /* LaunchScreen.storyboard */ = {
			isa = PBXVariantGroup;
			children = (
				2BF579182A0697430073190A /* Base */,
			);
			name = LaunchScreen.storyboard;
			sourceTree = "<group>";
		};
/* End PBXVariantGroup section */

/* Begin XCBuildConfiguration section */
		2BF5791B2A0697430073190A /* Debug */ = {
			isa = XCBuildConfiguration;
			buildSettings = {
				ALWAYS_SEARCH_USER_PATHS = NO;
				CLANG_ANALYZER_NONNULL = YES;
				CLANG_ANALYZER_NUMBER_OBJECT_CONVERSION = YES_AGGRESSIVE;
				CLANG_CXX_LANGUAGE_STANDARD = "gnu++20";
				CLANG_ENABLE_MODULES = YES;
				CLANG_ENABLE_OBJC_ARC = YES;
				CLANG_ENABLE_OBJC_WEAK = YES;
				CLANG_WARN_BLOCK_CAPTURE_AUTORELEASING = YES;
				CLANG_WARN_BOOL_CONVERSION = YES;
				CLANG_WARN_COMMA = YES;
				CLANG_WARN_CONSTANT_CONVERSION = YES;
				CLANG_WARN_DEPRECATED_OBJC_IMPLEMENTATIONS = YES;
				CLANG_WARN_DIRECT_OBJC_ISA_USAGE = YES_ERROR;
				CLANG_WARN_DOCUMENTATION_COMMENTS = YES;
				CLANG_WARN_EMPTY_BODY = YES;
				CLANG_WARN_ENUM_CONVERSION = YES;
				CLANG_WARN_INFINITE_RECURSION = YES;
				CLANG_WARN_INT_CONVERSION = YES;
				CLANG_WARN_NON_LITERAL_NULL_CONVERSION = YES;
				CLANG_WARN_OBJC_IMPLICIT_RETAIN_SELF = YES;
				CLANG_WARN_OBJC_LITERAL_CONVERSION = YES;
				CLANG_WARN_OBJC_ROOT_CLASS = YES_ERROR;
				CLANG_WARN_QUOTED_INCLUDE_IN_FRAMEWORK_HEADER = YES;
				CLANG_WARN_RANGE_LOOP_ANALYSIS = YES;
				CLANG_WARN_STRICT_PROTOTYPES = YES;
				CLANG_WARN_SUSPICIOUS_MOVE = YES;
				CLANG_WARN_UNGUARDED_AVAILABILITY = YES_AGGRESSIVE;
				CLANG_WARN_UNREACHABLE_CODE = YES;
				CLANG_WARN__DUPLICATE_METHOD_MATCH = YES;
				COPY_PHASE_STRIP = NO;
				DEBUG_INFORMATION_FORMAT = dwarf;
				ENABLE_STRICT_OBJC_MSGSEND = YES;
				ENABLE_TESTABILITY = YES;
				GCC_C_LANGUAGE_STANDARD = gnu11;
				GCC_DYNAMIC_NO_PIC = NO;
				GCC_NO_COMMON_BLOCKS = YES;
				GCC_OPTIMIZATION_LEVEL = 0;
				GCC_PREPROCESSOR_DEFINITIONS = (
					"DEBUG=1",
					"$(inherited)",
				);
				GCC_WARN_64_TO_32_BIT_CONVERSION = YES;
				GCC_WARN_ABOUT_RETURN_TYPE = YES_ERROR;
				GCC_WARN_UNDECLARED_SELECTOR = YES;
				GCC_WARN_UNINITIALIZED_AUTOS = YES_AGGRESSIVE;
				GCC_WARN_UNUSED_FUNCTION = YES;
				GCC_WARN_UNUSED_VARIABLE = YES;
				IPHONEOS_DEPLOYMENT_TARGET = 16.4;
				MTL_ENABLE_DEBUG_INFO = INCLUDE_SOURCE;
				MTL_FAST_MATH = YES;
				ONLY_ACTIVE_ARCH = YES;
				SDKROOT = iphoneos;
				SWIFT_ACTIVE_COMPILATION_CONDITIONS = DEBUG;
				SWIFT_OPTIMIZATION_LEVEL = "-Onone";
			};
			name = Debug;
		};
		2BF5791C2A0697430073190A /* Release */ = {
			isa = XCBuildConfiguration;
			buildSettings = {
				ALWAYS_SEARCH_USER_PATHS = NO;
				CLANG_ANALYZER_NONNULL = YES;
				CLANG_ANALYZER_NUMBER_OBJECT_CONVERSION = YES_AGGRESSIVE;
				CLANG_CXX_LANGUAGE_STANDARD = "gnu++20";
				CLANG_ENABLE_MODULES = YES;
				CLANG_ENABLE_OBJC_ARC = YES;
				CLANG_ENABLE_OBJC_WEAK = YES;
				CLANG_WARN_BLOCK_CAPTURE_AUTORELEASING = YES;
				CLANG_WARN_BOOL_CONVERSION = YES;
				CLANG_WARN_COMMA = YES;
				CLANG_WARN_CONSTANT_CONVERSION = YES;
				CLANG_WARN_DEPRECATED_OBJC_IMPLEMENTATIONS = YES;
				CLANG_WARN_DIRECT_OBJC_ISA_USAGE = YES_ERROR;
				CLANG_WARN_DOCUMENTATION_COMMENTS = YES;
				CLANG_WARN_EMPTY_BODY = YES;
				CLANG_WARN_ENUM_CONVERSION = YES;
				CLANG_WARN_INFINITE_RECURSION = YES;
				CLANG_WARN_INT_CONVERSION = YES;
				CLANG_WARN_NON_LITERAL_NULL_CONVERSION = YES;
				CLANG_WARN_OBJC_IMPLICIT_RETAIN_SELF = YES;
				CLANG_WARN_OBJC_LITERAL_CONVERSION = YES;
				CLANG_WARN_OBJC_ROOT_CLASS = YES_ERROR;
				CLANG_WARN_QUOTED_INCLUDE_IN_FRAMEWORK_HEADER = YES;
				CLANG_WARN_RANGE_LOOP_ANALYSIS = YES;
				CLANG_WARN_STRICT_PROTOTYPES = YES;
				CLANG_WARN_SUSPICIOUS_MOVE = YES;
				CLANG_WARN_UNGUARDED_AVAILABILITY = YES_AGGRESSIVE;
				CLANG_WARN_UNREACHABLE_CODE = YES;
				CLANG_WARN__DUPLICATE_METHOD_MATCH = YES;
				COPY_PHASE_STRIP = NO;
				DEBUG_INFORMATION_FORMAT = "dwarf-with-dsym";
				ENABLE_NS_ASSERTIONS = NO;
				ENABLE_STRICT_OBJC_MSGSEND = YES;
				GCC_C_LANGUAGE_STANDARD = gnu11;
				GCC_NO_COMMON_BLOCKS = YES;
				GCC_WARN_64_TO_32_BIT_CONVERSION = YES;
				GCC_WARN_ABOUT_RETURN_TYPE = YES_ERROR;
				GCC_WARN_UNDECLARED_SELECTOR = YES;
				GCC_WARN_UNINITIALIZED_AUTOS = YES_AGGRESSIVE;
				GCC_WARN_UNUSED_FUNCTION = YES;
				GCC_WARN_UNUSED_VARIABLE = YES;
				IPHONEOS_DEPLOYMENT_TARGET = 16.4;
				MTL_ENABLE_DEBUG_INFO = NO;
				MTL_FAST_MATH = YES;
				SDKROOT = iphoneos;
				SWIFT_COMPILATION_MODE = wholemodule;
				SWIFT_OPTIMIZATION_LEVEL = "-O";
				VALIDATE_PRODUCT = YES;
			};
			name = Release;
		};
		2BF5791E2A0697430073190A /* Debug */ = {
			isa = XCBuildConfiguration;
			buildSettings = {
				ASSETCATALOG_COMPILER_APPICON_NAME = AppIcon;
				ASSETCATALOG_COMPILER_GLOBAL_ACCENT_COLOR_NAME = AccentColor;
				CODE_SIGN_STYLE = Automatic;
				CURRENT_PROJECT_VERSION = 1;
				DEVELOPMENT_TEAM = LQB7GA7MP9;
				GENERATE_INFOPLIST_FILE = YES;
				INFOPLIST_FILE = "CryptoVault-UIKit/Support/Info.plist";
				INFOPLIST_KEY_UIApplicationSupportsIndirectInputEvents = YES;
				INFOPLIST_KEY_UILaunchStoryboardName = LaunchScreen;
				INFOPLIST_KEY_UIStatusBarStyle = UIStatusBarStyleLightContent;
				INFOPLIST_KEY_UISupportedInterfaceOrientations = UIInterfaceOrientationPortrait;
				IPHONEOS_DEPLOYMENT_TARGET = 14.0;
				LD_RUNPATH_SEARCH_PATHS = (
					"$(inherited)",
					"@executable_path/Frameworks",
				);
				MARKETING_VERSION = 1.0;
				PRODUCT_BUNDLE_IDENTIFIER = com.haznedar.CryptoVaultUIKit;
				PRODUCT_NAME = "$(TARGET_NAME)";
				SWIFT_EMIT_LOC_STRINGS = YES;
				SWIFT_VERSION = 5.0;
				TARGETED_DEVICE_FAMILY = "1,2";
			};
			name = Debug;
		};
		2BF5791F2A0697430073190A /* Release */ = {
			isa = XCBuildConfiguration;
			buildSettings = {
				ASSETCATALOG_COMPILER_APPICON_NAME = AppIcon;
				ASSETCATALOG_COMPILER_GLOBAL_ACCENT_COLOR_NAME = AccentColor;
				CODE_SIGN_STYLE = Automatic;
				CURRENT_PROJECT_VERSION = 1;
				DEVELOPMENT_TEAM = LQB7GA7MP9;
				GENERATE_INFOPLIST_FILE = YES;
				INFOPLIST_FILE = "CryptoVault-UIKit/Support/Info.plist";
				INFOPLIST_KEY_UIApplicationSupportsIndirectInputEvents = YES;
				INFOPLIST_KEY_UILaunchStoryboardName = LaunchScreen;
				INFOPLIST_KEY_UIStatusBarStyle = UIStatusBarStyleLightContent;
				INFOPLIST_KEY_UISupportedInterfaceOrientations = UIInterfaceOrientationPortrait;
				IPHONEOS_DEPLOYMENT_TARGET = 14.0;
				LD_RUNPATH_SEARCH_PATHS = (
					"$(inherited)",
					"@executable_path/Frameworks",
				);
				MARKETING_VERSION = 1.0;
				PRODUCT_BUNDLE_IDENTIFIER = com.haznedar.CryptoVaultUIKit;
				PRODUCT_NAME = "$(TARGET_NAME)";
				SWIFT_EMIT_LOC_STRINGS = YES;
				SWIFT_VERSION = 5.0;
				TARGETED_DEVICE_FAMILY = "1,2";
			};
			name = Release;
		};
/* End XCBuildConfiguration section */

/* Begin XCConfigurationList section */
		2BF579042A0697410073190A /* Build configuration list for PBXProject "CryptoVault-UIKit" */ = {
			isa = XCConfigurationList;
			buildConfigurations = (
				2BF5791B2A0697430073190A /* Debug */,
				2BF5791C2A0697430073190A /* Release */,
			);
			defaultConfigurationIsVisible = 0;
			defaultConfigurationName = Release;
		};
		2BF5791D2A0697430073190A /* Build configuration list for PBXNativeTarget "CryptoVault-UIKit" */ = {
			isa = XCConfigurationList;
			buildConfigurations = (
				2BF5791E2A0697430073190A /* Debug */,
				2BF5791F2A0697430073190A /* Release */,
			);
			defaultConfigurationIsVisible = 0;
			defaultConfigurationName = Release;
		};
/* End XCConfigurationList section */

/* Begin XCRemoteSwiftPackageReference section */
		B06FAE052A083B1B00AF25CE /* XCRemoteSwiftPackageReference "Alamofire" */ = {
			isa = XCRemoteSwiftPackageReference;
			repositoryURL = "https://github.com/Alamofire/Alamofire";
			requirement = {
				kind = upToNextMajorVersion;
				minimumVersion = 5.0.0;
			};
		};
		B06FAE082A083B2900AF25CE /* XCRemoteSwiftPackageReference "Kingfisher" */ = {
			isa = XCRemoteSwiftPackageReference;
			repositoryURL = "https://github.com/onevcat/Kingfisher";
			requirement = {
				kind = upToNextMajorVersion;
				minimumVersion = 7.0.0;
			};
		};
		B06FAE0B2A083B3C00AF25CE /* XCRemoteSwiftPackageReference "lottie-ios" */ = {
			isa = XCRemoteSwiftPackageReference;
			repositoryURL = "https://github.com/airbnb/lottie-ios";
			requirement = {
				kind = upToNextMajorVersion;
				minimumVersion = 4.0.0;
			};
		};
		B06FAE0E2A083B6500AF25CE /* XCRemoteSwiftPackageReference "SnapKit" */ = {
			isa = XCRemoteSwiftPackageReference;
			repositoryURL = "https://github.com/SnapKit/SnapKit";
			requirement = {
				kind = upToNextMajorVersion;
				minimumVersion = 5.0.0;
			};
		};
/* End XCRemoteSwiftPackageReference section */

/* Begin XCSwiftPackageProductDependency section */
		B06FAE062A083B1B00AF25CE /* Alamofire */ = {
			isa = XCSwiftPackageProductDependency;
			package = B06FAE052A083B1B00AF25CE /* XCRemoteSwiftPackageReference "Alamofire" */;
			productName = Alamofire;
		};
		B06FAE092A083B2900AF25CE /* Kingfisher */ = {
			isa = XCSwiftPackageProductDependency;
			package = B06FAE082A083B2900AF25CE /* XCRemoteSwiftPackageReference "Kingfisher" */;
			productName = Kingfisher;
		};
		B06FAE0C2A083B3C00AF25CE /* Lottie */ = {
			isa = XCSwiftPackageProductDependency;
			package = B06FAE0B2A083B3C00AF25CE /* XCRemoteSwiftPackageReference "lottie-ios" */;
			productName = Lottie;
		};
		B06FAE0F2A083B6500AF25CE /* SnapKit */ = {
			isa = XCSwiftPackageProductDependency;
			package = B06FAE0E2A083B6500AF25CE /* XCRemoteSwiftPackageReference "SnapKit" */;
			productName = SnapKit;
		};
/* End XCSwiftPackageProductDependency section */

/* Begin XCVersionGroup section */
		B0C9DB222A13FA2A00033ACD /* CryptoVaultDatabase.xcdatamodeld */ = {
			isa = XCVersionGroup;
			children = (
				B0C9DB232A13FA2A00033ACD /* CryptoVaultDatabase.xcdatamodel */,
			);
			currentVersion = B0C9DB232A13FA2A00033ACD /* CryptoVaultDatabase.xcdatamodel */;
			path = CryptoVaultDatabase.xcdatamodeld;
			sourceTree = "<group>";
			versionGroupType = wrapper.xcdatamodel;
		};
/* End XCVersionGroup section */
	};
	rootObject = 2BF579012A0697410073190A /* Project object */;
}
