// !$*UTF8*$!
{
	archiveVersion = 1;
	classes = {
	};
	objectVersion = 56;
	objects = {

/* Begin PBXBuildFile section */
		2BF5790D2A0697410073190A /* AppDelegate.swift in Sources */ = {isa = PBXBuildFile; fileRef = 2BF5790C2A0697410073190A /* AppDelegate.swift */; };
		2BF5790F2A0697410073190A /* SceneDelegate.swift in Sources */ = {isa = PBXBuildFile; fileRef = 2BF5790E2A0697410073190A /* SceneDelegate.swift */; };
		2BF579162A0697430073190A /* Assets.xcassets in Resources */ = {isa = PBXBuildFile; fileRef = 2BF579152A0697430073190A /* Assets.xcassets */; };
		2BF579192A0697430073190A /* LaunchScreen.storyboard in Resources */ = {isa = PBXBuildFile; fileRef = 2BF579172A0697430073190A /* LaunchScreen.storyboard */; };
		B06FAE022A0837BF00AF25CE /* SplashScreen.swift in Sources */ = {isa = PBXBuildFile; fileRef = B06FAE012A0837BF00AF25CE /* SplashScreen.swift */; };
		B06FAE042A0837CC00AF25CE /* SplashViewModel.swift in Sources */ = {isa = PBXBuildFile; fileRef = B06FAE032A0837CC00AF25CE /* SplashViewModel.swift */; };
		B06FAE072A083B1B00AF25CE /* Alamofire in Frameworks */ = {isa = PBXBuildFile; productRef = B06FAE062A083B1B00AF25CE /* Alamofire */; };
		B06FAE0A2A083B2900AF25CE /* Kingfisher in Frameworks */ = {isa = PBXBuildFile; productRef = B06FAE092A083B2900AF25CE /* Kingfisher */; };
		B06FAE0D2A083B3C00AF25CE /* Lottie in Frameworks */ = {isa = PBXBuildFile; productRef = B06FAE0C2A083B3C00AF25CE /* Lottie */; };
		B06FAE102A083B6500AF25CE /* SnapKit in Frameworks */ = {isa = PBXBuildFile; productRef = B06FAE0F2A083B6500AF25CE /* SnapKit */; };
		B06FAE152A083EF600AF25CE /* Library3amsoft.otf in Resources */ = {isa = PBXBuildFile; fileRef = B06FAE142A083EF600AF25CE /* Library3amsoft.otf */; };
		B06FAE1E2A0841D300AF25CE /* HomeScreen.swift in Sources */ = {isa = PBXBuildFile; fileRef = B06FAE1D2A0841D300AF25CE /* HomeScreen.swift */; };
		B06FAE202A0841E700AF25CE /* NewsScreen.swift in Sources */ = {isa = PBXBuildFile; fileRef = B06FAE1F2A0841E700AF25CE /* NewsScreen.swift */; };
		B06FAE222A0841FD00AF25CE /* FavoriteScreen.swift in Sources */ = {isa = PBXBuildFile; fileRef = B06FAE212A0841FD00AF25CE /* FavoriteScreen.swift */; };
		B06FAE242A08420C00AF25CE /* InfoScreen.swift in Sources */ = {isa = PBXBuildFile; fileRef = B06FAE232A08420C00AF25CE /* InfoScreen.swift */; };
/* End PBXBuildFile section */

/* Begin PBXFileReference section */
		2BF579092A0697410073190A /* CryptoVault-UIKit.app */ = {isa = PBXFileReference; explicitFileType = wrapper.application; includeInIndex = 0; path = "CryptoVault-UIKit.app"; sourceTree = BUILT_PRODUCTS_DIR; };
		2BF5790C2A0697410073190A /* AppDelegate.swift */ = {isa = PBXFileReference; lastKnownFileType = sourcecode.swift; path = AppDelegate.swift; sourceTree = "<group>"; };
		2BF5790E2A0697410073190A /* SceneDelegate.swift */ = {isa = PBXFileReference; lastKnownFileType = sourcecode.swift; path = SceneDelegate.swift; sourceTree = "<group>"; };
		2BF579152A0697430073190A /* Assets.xcassets */ = {isa = PBXFileReference; lastKnownFileType = folder.assetcatalog; path = Assets.xcassets; sourceTree = "<group>"; };
		2BF579182A0697430073190A /* Base */ = {isa = PBXFileReference; lastKnownFileType = file.storyboard; name = Base; path = Base.lproj/LaunchScreen.storyboard; sourceTree = "<group>"; };
		2BF5791A2A0697430073190A /* Info.plist */ = {isa = PBXFileReference; lastKnownFileType = text.plist.xml; path = Info.plist; sourceTree = "<group>"; };
		B06FAE012A0837BF00AF25CE /* SplashScreen.swift */ = {isa = PBXFileReference; lastKnownFileType = sourcecode.swift; path = SplashScreen.swift; sourceTree = "<group>"; };
		B06FAE032A0837CC00AF25CE /* SplashViewModel.swift */ = {isa = PBXFileReference; lastKnownFileType = sourcecode.swift; path = SplashViewModel.swift; sourceTree = "<group>"; };
		B06FAE142A083EF600AF25CE /* Library3amsoft.otf */ = {isa = PBXFileReference; lastKnownFileType = file; path = Library3amsoft.otf; sourceTree = "<group>"; };
		B06FAE1D2A0841D300AF25CE /* HomeScreen.swift */ = {isa = PBXFileReference; lastKnownFileType = sourcecode.swift; path = HomeScreen.swift; sourceTree = "<group>"; };
		B06FAE1F2A0841E700AF25CE /* NewsScreen.swift */ = {isa = PBXFileReference; lastKnownFileType = sourcecode.swift; path = NewsScreen.swift; sourceTree = "<group>"; };
		B06FAE212A0841FD00AF25CE /* FavoriteScreen.swift */ = {isa = PBXFileReference; lastKnownFileType = sourcecode.swift; path = FavoriteScreen.swift; sourceTree = "<group>"; };
		B06FAE232A08420C00AF25CE /* InfoScreen.swift */ = {isa = PBXFileReference; lastKnownFileType = sourcecode.swift; path = InfoScreen.swift; sourceTree = "<group>"; };
/* End PBXFileReference section */

/* Begin PBXFrameworksBuildPhase section */
		2BF579062A0697410073190A /* Frameworks */ = {
			isa = PBXFrameworksBuildPhase;
			buildActionMask = 2147483647;
			files = (
				B06FAE0A2A083B2900AF25CE /* Kingfisher in Frameworks */,
				B06FAE102A083B6500AF25CE /* SnapKit in Frameworks */,
				B06FAE072A083B1B00AF25CE /* Alamofire in Frameworks */,
				B06FAE0D2A083B3C00AF25CE /* Lottie in Frameworks */,
			);
			runOnlyForDeploymentPostprocessing = 0;
		};
/* End PBXFrameworksBuildPhase section */

/* Begin PBXGroup section */
		2BF579002A0697410073190A = {
			isa = PBXGroup;
			children = (
				2BF5790B2A0697410073190A /* CryptoVault-UIKit */,
				2BF5790A2A0697410073190A /* Products */,
			);
			sourceTree = "<group>";
		};
		2BF5790A2A0697410073190A /* Products */ = {
			isa = PBXGroup;
			children = (
				2BF579092A0697410073190A /* CryptoVault-UIKit.app */,
			);
			name = Products;
			sourceTree = "<group>";
		};
		2BF5790B2A0697410073190A /* CryptoVault-UIKit */ = {
			isa = PBXGroup;
			children = (
				B06FAE132A083EC800AF25CE /* Fonts */,
				B06FADFD2A08378900AF25CE /* Extensıons */,
				B06FADFC2A08377900AF25CE /* Cores */,
				B06FADFB2A08372700AF25CE /* Support */,
			);
			path = "CryptoVault-UIKit";
			sourceTree = "<group>";
		};
		B06FADFB2A08372700AF25CE /* Support */ = {
			isa = PBXGroup;
			children = (
				2BF5790C2A0697410073190A /* AppDelegate.swift */,
				2BF5790E2A0697410073190A /* SceneDelegate.swift */,
				2BF579152A0697430073190A /* Assets.xcassets */,
				2BF579172A0697430073190A /* LaunchScreen.storyboard */,
				2BF5791A2A0697430073190A /* Info.plist */,
			);
			path = Support;
			sourceTree = "<group>";
		};
		B06FADFC2A08377900AF25CE /* Cores */ = {
			isa = PBXGroup;
			children = (
				B06FAE1C2A0841B300AF25CE /* Info */,
				B06FAE1B2A0841A700AF25CE /* Favorite */,
				B06FAE1A2A0841A000AF25CE /* News */,
				B06FAE192A08419800AF25CE /* Home */,
				B06FADFE2A08379400AF25CE /* Splash */,
			);
			path = Cores;
			sourceTree = "<group>";
		};
		B06FADFD2A08378900AF25CE /* Extensıons */ = {
			isa = PBXGroup;
			children = (
			);
			path = "Extensıons";
			sourceTree = "<group>";
		};
		B06FADFE2A08379400AF25CE /* Splash */ = {
			isa = PBXGroup;
			children = (
				B06FAE002A0837A400AF25CE /* VıewModel */,
				B06FADFF2A08379B00AF25CE /* Screen */,
			);
			path = Splash;
			sourceTree = "<group>";
		};
		B06FADFF2A08379B00AF25CE /* Screen */ = {
			isa = PBXGroup;
			children = (
				B06FAE012A0837BF00AF25CE /* SplashScreen.swift */,
			);
			path = Screen;
			sourceTree = "<group>";
		};
		B06FAE002A0837A400AF25CE /* VıewModel */ = {
			isa = PBXGroup;
			children = (
				B06FAE032A0837CC00AF25CE /* SplashViewModel.swift */,
			);
			path = "VıewModel";
			sourceTree = "<group>";
		};
		B06FAE132A083EC800AF25CE /* Fonts */ = {
			isa = PBXGroup;
			children = (
				B06FAE142A083EF600AF25CE /* Library3amsoft.otf */,
			);
			path = Fonts;
			sourceTree = "<group>";
		};
		B06FAE192A08419800AF25CE /* Home */ = {
			isa = PBXGroup;
			children = (
				B06FAE1D2A0841D300AF25CE /* HomeScreen.swift */,
			);
			path = Home;
			sourceTree = "<group>";
		};
		B06FAE1A2A0841A000AF25CE /* News */ = {
			isa = PBXGroup;
			children = (
				B06FAE1F2A0841E700AF25CE /* NewsScreen.swift */,
			);
			path = News;
			sourceTree = "<group>";
		};
		B06FAE1B2A0841A700AF25CE /* Favorite */ = {
			isa = PBXGroup;
			children = (
				B06FAE212A0841FD00AF25CE /* FavoriteScreen.swift */,
			);
			path = Favorite;
			sourceTree = "<group>";
		};
		B06FAE1C2A0841B300AF25CE /* Info */ = {
			isa = PBXGroup;
			children = (
				B06FAE232A08420C00AF25CE /* InfoScreen.swift */,
			);
			path = Info;
			sourceTree = "<group>";
		};
/* End PBXGroup section */

/* Begin PBXNativeTarget section */
		2BF579082A0697410073190A /* CryptoVault-UIKit */ = {
			isa = PBXNativeTarget;
			buildConfigurationList = 2BF5791D2A0697430073190A /* Build configuration list for PBXNativeTarget "CryptoVault-UIKit" */;
			buildPhases = (
				2BF579052A0697410073190A /* Sources */,
				2BF579062A0697410073190A /* Frameworks */,
				2BF579072A0697410073190A /* Resources */,
			);
			buildRules = (
			);
			dependencies = (
			);
			name = "CryptoVault-UIKit";
			packageProductDependencies = (
				B06FAE062A083B1B00AF25CE /* Alamofire */,
				B06FAE092A083B2900AF25CE /* Kingfisher */,
				B06FAE0C2A083B3C00AF25CE /* Lottie */,
				B06FAE0F2A083B6500AF25CE /* SnapKit */,
			);
			productName = "CryptoVault-UIKit";
			productReference = 2BF579092A0697410073190A /* CryptoVault-UIKit.app */;
			productType = "com.apple.product-type.application";
		};
/* End PBXNativeTarget section */

/* Begin PBXProject section */
		2BF579012A0697410073190A /* Project object */ = {
			isa = PBXProject;
			attributes = {
				BuildIndependentTargetsInParallel = 1;
				LastSwiftUpdateCheck = 1420;
				LastUpgradeCheck = 1420;
				TargetAttributes = {
					2BF579082A0697410073190A = {
						CreatedOnToolsVersion = 14.2;
					};
				};
			};
			buildConfigurationList = 2BF579042A0697410073190A /* Build configuration list for PBXProject "CryptoVault-UIKit" */;
			compatibilityVersion = "Xcode 14.0";
			developmentRegion = en;
			hasScannedForEncodings = 0;
			knownRegions = (
				en,
				Base,
			);
			mainGroup = 2BF579002A0697410073190A;
			packageReferences = (
				B06FAE052A083B1B00AF25CE /* XCRemoteSwiftPackageReference "Alamofire" */,
				B06FAE082A083B2900AF25CE /* XCRemoteSwiftPackageReference "Kingfisher" */,
				B06FAE0B2A083B3C00AF25CE /* XCRemoteSwiftPackageReference "lottie-ios" */,
				B06FAE0E2A083B6500AF25CE /* XCRemoteSwiftPackageReference "SnapKit" */,
			);
			productRefGroup = 2BF5790A2A0697410073190A /* Products */;
			projectDirPath = "";
			projectRoot = "";
			targets = (
				2BF579082A0697410073190A /* CryptoVault-UIKit */,
			);
		};
/* End PBXProject section */

/* Begin PBXResourcesBuildPhase section */
		2BF579072A0697410073190A /* Resources */ = {
			isa = PBXResourcesBuildPhase;
			buildActionMask = 2147483647;
			files = (
				2BF579192A0697430073190A /* LaunchScreen.storyboard in Resources */,
				B06FAE152A083EF600AF25CE /* Library3amsoft.otf in Resources */,
				2BF579162A0697430073190A /* Assets.xcassets in Resources */,
			);
			runOnlyForDeploymentPostprocessing = 0;
		};
/* End PBXResourcesBuildPhase section */

/* Begin PBXSourcesBuildPhase section */
		2BF579052A0697410073190A /* Sources */ = {
			isa = PBXSourcesBuildPhase;
			buildActionMask = 2147483647;
			files = (
				B06FAE202A0841E700AF25CE /* NewsScreen.swift in Sources */,
				B06FAE022A0837BF00AF25CE /* SplashScreen.swift in Sources */,
				2BF5790D2A0697410073190A /* AppDelegate.swift in Sources */,
				B06FAE242A08420C00AF25CE /* InfoScreen.swift in Sources */,
				B06FAE1E2A0841D300AF25CE /* HomeScreen.swift in Sources */,
				2BF5790F2A0697410073190A /* SceneDelegate.swift in Sources */,
				B06FAE042A0837CC00AF25CE /* SplashViewModel.swift in Sources */,
				B06FAE222A0841FD00AF25CE /* FavoriteScreen.swift in Sources */,
			);
			runOnlyForDeploymentPostprocessing = 0;
		};
/* End PBXSourcesBuildPhase section */

/* Begin PBXVariantGroup section */
		2BF579172A0697430073190A /* LaunchScreen.storyboard */ = {
			isa = PBXVariantGroup;
			children = (
				2BF579182A0697430073190A /* Base */,
			);
			name = LaunchScreen.storyboard;
			sourceTree = "<group>";
		};
/* End PBXVariantGroup section */

/* Begin XCBuildConfiguration section */
		2BF5791B2A0697430073190A /* Debug */ = {
			isa = XCBuildConfiguration;
			buildSettings = {
				ALWAYS_SEARCH_USER_PATHS = NO;
				CLANG_ANALYZER_NONNULL = YES;
				CLANG_ANALYZER_NUMBER_OBJECT_CONVERSION = YES_AGGRESSIVE;
				CLANG_CXX_LANGUAGE_STANDARD = "gnu++20";
				CLANG_ENABLE_MODULES = YES;
				CLANG_ENABLE_OBJC_ARC = YES;
				CLANG_ENABLE_OBJC_WEAK = YES;
				CLANG_WARN_BLOCK_CAPTURE_AUTORELEASING = YES;
				CLANG_WARN_BOOL_CONVERSION = YES;
				CLANG_WARN_COMMA = YES;
				CLANG_WARN_CONSTANT_CONVERSION = YES;
				CLANG_WARN_DEPRECATED_OBJC_IMPLEMENTATIONS = YES;
				CLANG_WARN_DIRECT_OBJC_ISA_USAGE = YES_ERROR;
				CLANG_WARN_DOCUMENTATION_COMMENTS = YES;
				CLANG_WARN_EMPTY_BODY = YES;
				CLANG_WARN_ENUM_CONVERSION = YES;
				CLANG_WARN_INFINITE_RECURSION = YES;
				CLANG_WARN_INT_CONVERSION = YES;
				CLANG_WARN_NON_LITERAL_NULL_CONVERSION = YES;
				CLANG_WARN_OBJC_IMPLICIT_RETAIN_SELF = YES;
				CLANG_WARN_OBJC_LITERAL_CONVERSION = YES;
				CLANG_WARN_OBJC_ROOT_CLASS = YES_ERROR;
				CLANG_WARN_QUOTED_INCLUDE_IN_FRAMEWORK_HEADER = YES;
				CLANG_WARN_RANGE_LOOP_ANALYSIS = YES;
				CLANG_WARN_STRICT_PROTOTYPES = YES;
				CLANG_WARN_SUSPICIOUS_MOVE = YES;
				CLANG_WARN_UNGUARDED_AVAILABILITY = YES_AGGRESSIVE;
				CLANG_WARN_UNREACHABLE_CODE = YES;
				CLANG_WARN__DUPLICATE_METHOD_MATCH = YES;
				COPY_PHASE_STRIP = NO;
				DEBUG_INFORMATION_FORMAT = dwarf;
				ENABLE_STRICT_OBJC_MSGSEND = YES;
				ENABLE_TESTABILITY = YES;
				GCC_C_LANGUAGE_STANDARD = gnu11;
				GCC_DYNAMIC_NO_PIC = NO;
				GCC_NO_COMMON_BLOCKS = YES;
				GCC_OPTIMIZATION_LEVEL = 0;
				GCC_PREPROCESSOR_DEFINITIONS = (
					"DEBUG=1",
					"$(inherited)",
				);
				GCC_WARN_64_TO_32_BIT_CONVERSION = YES;
				GCC_WARN_ABOUT_RETURN_TYPE = YES_ERROR;
				GCC_WARN_UNDECLARED_SELECTOR = YES;
				GCC_WARN_UNINITIALIZED_AUTOS = YES_AGGRESSIVE;
				GCC_WARN_UNUSED_FUNCTION = YES;
				GCC_WARN_UNUSED_VARIABLE = YES;
				IPHONEOS_DEPLOYMENT_TARGET = 16.2;
				MTL_ENABLE_DEBUG_INFO = INCLUDE_SOURCE;
				MTL_FAST_MATH = YES;
				ONLY_ACTIVE_ARCH = YES;
				SDKROOT = iphoneos;
				SWIFT_ACTIVE_COMPILATION_CONDITIONS = DEBUG;
				SWIFT_OPTIMIZATION_LEVEL = "-Onone";
			};
			name = Debug;
		};
		2BF5791C2A0697430073190A /* Release */ = {
			isa = XCBuildConfiguration;
			buildSettings = {
				ALWAYS_SEARCH_USER_PATHS = NO;
				CLANG_ANALYZER_NONNULL = YES;
				CLANG_ANALYZER_NUMBER_OBJECT_CONVERSION = YES_AGGRESSIVE;
				CLANG_CXX_LANGUAGE_STANDARD = "gnu++20";
				CLANG_ENABLE_MODULES = YES;
				CLANG_ENABLE_OBJC_ARC = YES;
				CLANG_ENABLE_OBJC_WEAK = YES;
				CLANG_WARN_BLOCK_CAPTURE_AUTORELEASING = YES;
				CLANG_WARN_BOOL_CONVERSION = YES;
				CLANG_WARN_COMMA = YES;
				CLANG_WARN_CONSTANT_CONVERSION = YES;
				CLANG_WARN_DEPRECATED_OBJC_IMPLEMENTATIONS = YES;
				CLANG_WARN_DIRECT_OBJC_ISA_USAGE = YES_ERROR;
				CLANG_WARN_DOCUMENTATION_COMMENTS = YES;
				CLANG_WARN_EMPTY_BODY = YES;
				CLANG_WARN_ENUM_CONVERSION = YES;
				CLANG_WARN_INFINITE_RECURSION = YES;
				CLANG_WARN_INT_CONVERSION = YES;
				CLANG_WARN_NON_LITERAL_NULL_CONVERSION = YES;
				CLANG_WARN_OBJC_IMPLICIT_RETAIN_SELF = YES;
				CLANG_WARN_OBJC_LITERAL_CONVERSION = YES;
				CLANG_WARN_OBJC_ROOT_CLASS = YES_ERROR;
				CLANG_WARN_QUOTED_INCLUDE_IN_FRAMEWORK_HEADER = YES;
				CLANG_WARN_RANGE_LOOP_ANALYSIS = YES;
				CLANG_WARN_STRICT_PROTOTYPES = YES;
				CLANG_WARN_SUSPICIOUS_MOVE = YES;
				CLANG_WARN_UNGUARDED_AVAILABILITY = YES_AGGRESSIVE;
				CLANG_WARN_UNREACHABLE_CODE = YES;
				CLANG_WARN__DUPLICATE_METHOD_MATCH = YES;
				COPY_PHASE_STRIP = NO;
				DEBUG_INFORMATION_FORMAT = "dwarf-with-dsym";
				ENABLE_NS_ASSERTIONS = NO;
				ENABLE_STRICT_OBJC_MSGSEND = YES;
				GCC_C_LANGUAGE_STANDARD = gnu11;
				GCC_NO_COMMON_BLOCKS = YES;
				GCC_WARN_64_TO_32_BIT_CONVERSION = YES;
				GCC_WARN_ABOUT_RETURN_TYPE = YES_ERROR;
				GCC_WARN_UNDECLARED_SELECTOR = YES;
				GCC_WARN_UNINITIALIZED_AUTOS = YES_AGGRESSIVE;
				GCC_WARN_UNUSED_FUNCTION = YES;
				GCC_WARN_UNUSED_VARIABLE = YES;
				IPHONEOS_DEPLOYMENT_TARGET = 16.2;
				MTL_ENABLE_DEBUG_INFO = NO;
				MTL_FAST_MATH = YES;
				SDKROOT = iphoneos;
				SWIFT_COMPILATION_MODE = wholemodule;
				SWIFT_OPTIMIZATION_LEVEL = "-O";
				VALIDATE_PRODUCT = YES;
			};
			name = Release;
		};
		2BF5791E2A0697430073190A /* Debug */ = {
			isa = XCBuildConfiguration;
			buildSettings = {
				ASSETCATALOG_COMPILER_APPICON_NAME = AppIcon;
				ASSETCATALOG_COMPILER_GLOBAL_ACCENT_COLOR_NAME = AccentColor;
				CODE_SIGN_STYLE = Automatic;
				CURRENT_PROJECT_VERSION = 1;
				DEVELOPMENT_TEAM = LQB7GA7MP9;
				GENERATE_INFOPLIST_FILE = YES;
				INFOPLIST_FILE = "CryptoVault-UIKit/Support/Info.plist";
				INFOPLIST_KEY_UIApplicationSupportsIndirectInputEvents = YES;
				INFOPLIST_KEY_UILaunchStoryboardName = LaunchScreen;
				INFOPLIST_KEY_UIStatusBarStyle = UIStatusBarStyleLightContent;
				INFOPLIST_KEY_UISupportedInterfaceOrientations = UIInterfaceOrientationPortrait;
				LD_RUNPATH_SEARCH_PATHS = (
					"$(inherited)",
					"@executable_path/Frameworks",
				);
				MARKETING_VERSION = 1.0;
				PRODUCT_BUNDLE_IDENTIFIER = com.haznedar.CryptoVaultUIKit;
				PRODUCT_NAME = "$(TARGET_NAME)";
				SWIFT_EMIT_LOC_STRINGS = YES;
				SWIFT_VERSION = 5.0;
				TARGETED_DEVICE_FAMILY = "1,2";
			};
			name = Debug;
		};
		2BF5791F2A0697430073190A /* Release */ = {
			isa = XCBuildConfiguration;
			buildSettings = {
				ASSETCATALOG_COMPILER_APPICON_NAME = AppIcon;
				ASSETCATALOG_COMPILER_GLOBAL_ACCENT_COLOR_NAME = AccentColor;
				CODE_SIGN_STYLE = Automatic;
				CURRENT_PROJECT_VERSION = 1;
				DEVELOPMENT_TEAM = LQB7GA7MP9;
				GENERATE_INFOPLIST_FILE = YES;
				INFOPLIST_FILE = "CryptoVault-UIKit/Support/Info.plist";
				INFOPLIST_KEY_UIApplicationSupportsIndirectInputEvents = YES;
				INFOPLIST_KEY_UILaunchStoryboardName = LaunchScreen;
				INFOPLIST_KEY_UIStatusBarStyle = UIStatusBarStyleLightContent;
				INFOPLIST_KEY_UISupportedInterfaceOrientations = UIInterfaceOrientationPortrait;
				LD_RUNPATH_SEARCH_PATHS = (
					"$(inherited)",
					"@executable_path/Frameworks",
				);
				MARKETING_VERSION = 1.0;
				PRODUCT_BUNDLE_IDENTIFIER = com.haznedar.CryptoVaultUIKit;
				PRODUCT_NAME = "$(TARGET_NAME)";
				SWIFT_EMIT_LOC_STRINGS = YES;
				SWIFT_VERSION = 5.0;
				TARGETED_DEVICE_FAMILY = "1,2";
			};
			name = Release;
		};
/* End XCBuildConfiguration section */

/* Begin XCConfigurationList section */
		2BF579042A0697410073190A /* Build configuration list for PBXProject "CryptoVault-UIKit" */ = {
			isa = XCConfigurationList;
			buildConfigurations = (
				2BF5791B2A0697430073190A /* Debug */,
				2BF5791C2A0697430073190A /* Release */,
			);
			defaultConfigurationIsVisible = 0;
			defaultConfigurationName = Release;
		};
		2BF5791D2A0697430073190A /* Build configuration list for PBXNativeTarget "CryptoVault-UIKit" */ = {
			isa = XCConfigurationList;
			buildConfigurations = (
				2BF5791E2A0697430073190A /* Debug */,
				2BF5791F2A0697430073190A /* Release */,
			);
			defaultConfigurationIsVisible = 0;
			defaultConfigurationName = Release;
		};
/* End XCConfigurationList section */

/* Begin XCRemoteSwiftPackageReference section */
		B06FAE052A083B1B00AF25CE /* XCRemoteSwiftPackageReference "Alamofire" */ = {
			isa = XCRemoteSwiftPackageReference;
			repositoryURL = "https://github.com/Alamofire/Alamofire";
			requirement = {
				kind = upToNextMajorVersion;
				minimumVersion = 5.0.0;
			};
		};
		B06FAE082A083B2900AF25CE /* XCRemoteSwiftPackageReference "Kingfisher" */ = {
			isa = XCRemoteSwiftPackageReference;
			repositoryURL = "https://github.com/onevcat/Kingfisher";
			requirement = {
				kind = upToNextMajorVersion;
				minimumVersion = 7.0.0;
			};
		};
		B06FAE0B2A083B3C00AF25CE /* XCRemoteSwiftPackageReference "lottie-ios" */ = {
			isa = XCRemoteSwiftPackageReference;
			repositoryURL = "https://github.com/airbnb/lottie-ios";
			requirement = {
				kind = upToNextMajorVersion;
				minimumVersion = 4.0.0;
			};
		};
		B06FAE0E2A083B6500AF25CE /* XCRemoteSwiftPackageReference "SnapKit" */ = {
			isa = XCRemoteSwiftPackageReference;
			repositoryURL = "https://github.com/SnapKit/SnapKit";
			requirement = {
				kind = upToNextMajorVersion;
				minimumVersion = 5.0.0;
			};
		};
/* End XCRemoteSwiftPackageReference section */

/* Begin XCSwiftPackageProductDependency section */
		B06FAE062A083B1B00AF25CE /* Alamofire */ = {
			isa = XCSwiftPackageProductDependency;
			package = B06FAE052A083B1B00AF25CE /* XCRemoteSwiftPackageReference "Alamofire" */;
			productName = Alamofire;
		};
		B06FAE092A083B2900AF25CE /* Kingfisher */ = {
			isa = XCSwiftPackageProductDependency;
			package = B06FAE082A083B2900AF25CE /* XCRemoteSwiftPackageReference "Kingfisher" */;
			productName = Kingfisher;
		};
		B06FAE0C2A083B3C00AF25CE /* Lottie */ = {
			isa = XCSwiftPackageProductDependency;
			package = B06FAE0B2A083B3C00AF25CE /* XCRemoteSwiftPackageReference "lottie-ios" */;
			productName = Lottie;
		};
		B06FAE0F2A083B6500AF25CE /* SnapKit */ = {
			isa = XCSwiftPackageProductDependency;
			package = B06FAE0E2A083B6500AF25CE /* XCRemoteSwiftPackageReference "SnapKit" */;
			productName = SnapKit;
		};
/* End XCSwiftPackageProductDependency section */
	};
	rootObject = 2BF579012A0697410073190A /* Project object */;
}
